PODS:
  - FBSnapshotTestCase (2.1.4):
    - FBSnapshotTestCase/SwiftSupport (= 2.1.4)
  - FBSnapshotTestCase/Core (2.1.4)
  - FBSnapshotTestCase/SwiftSupport (2.1.4):
    - FBSnapshotTestCase/Core
  - Reveal-SDK (24)
  - SwiftProtobuf (1.10.0)
  - SwiftSVGA (0.1.0):
    - SwiftProtobuf
    - ZIPFoundation
  - ZIPFoundation (0.9.11)

DEPENDENCIES:
  - FBSnapshotTestCase (~> 2.1.4)
  - Reveal-SDK (~> 24)
  - SwiftSVGA (from `../`)

SPEC REPOS:
  trunk:
    - FBSnapshotTestCase
    - Reveal-SDK
    - SwiftProtobuf
    - ZIPFoundation

EXTERNAL SOURCES:
  SwiftSVGA:
    :path: "../"

SPEC CHECKSUMS:
  FBSnapshotTestCase: 094f9f314decbabe373b87cc339bea235a63e07a
  Reveal-SDK: 5d7e56b8f018c0a88b3a2c10bf68d598bbd3b071
  SwiftProtobuf: bfafffa9e26d1561c3bd0045e188c4fab5f527ae
  SwiftSVGA: c4ad8a48a073880090f8024e0b6fd41a1c850a99
  ZIPFoundation: b1f0de4eed33e74a676f76e12559ab6b75990197

PODFILE CHECKSUM: 29b4f0a1619c2bb58426f7c9942da67060120665

COCOAPODS: 1.9.3
