PODS:
  - FBSnapshotTestCase (2.1.4):
    - FBSnapshotTestCase/SwiftSupport (= 2.1.4)
  - FBSnapshotTestCase/Core (2.1.4)
  - FBSnapshotTestCase/SwiftSupport (2.1.4):
    - FBSnapshotTestCase/Core
  - Reveal-SDK (24)
  - SwiftProtobuf (1.10.2)
  - SwiftSVGA (1.0.1):
    - SwiftProtobuf
    - ZIPFoundation
  - ZIPFoundation (0.9.11)

DEPENDENCIES:
  - FBSnapshotTestCase (~> 2.1.4)
  - Reveal-SDK (~> 24)
  - SwiftSVGA (from `../`)

SPEC REPOS:
  trunk:
    - FBSnapshotTestCase
    - Reveal-SDK
    - SwiftProtobuf
    - ZIPFoundation

EXTERNAL SOURCES:
  SwiftSVGA:
    :path: "../"

SPEC CHECKSUMS:
  FBSnapshotTestCase: 094f9f314decbabe373b87cc339bea235a63e07a
  Reveal-SDK: 5d7e56b8f018c0a88b3a2c10bf68d598bbd3b071
  SwiftProtobuf: bec1ae7d686ff73dd09d79866154f4970b891410
  SwiftSVGA: 9a9b89de4d7b99900d51061a6f1070a19ea4612a
  ZIPFoundation: b1f0de4eed33e74a676f76e12559ab6b75990197

PODFILE CHECKSUM: 29b4f0a1619c2bb58426f7c9942da67060120665

COCOAPODS: 1.11.2
